
Microsoft Visual Studio Solution File, Format Version 12.00
# Visual Studio Version 16
VisualStudioVersion = 16.0.31005.135
MinimumVisualStudioVersion = 10.0.40219.1
Project("{FAE04EC0-301F-11D3-BF4B-00C04F79EFBC}") = "tic_tac_toe", "tic_tac_toe.csproj", "{C8631C3B-04E6-4CE0-BA31-62A3055126DE}"
EndProject
Global
	GlobalSection(SolutionConfigurationPlatforms) = preSolution
		Debug|Any CPU = Debug|Any CPU
		Release|Any CPU = Release|Any CPU
	EndGlobalSection
	GlobalSection(ProjectConfigurationPlatforms) = postSolution
		{C8631C3B-04E6-4CE0-BA31-62A3055126DE}.Debug|Any CPU.ActiveCfg = Debug|Any CPU
		{C8631C3B-04E6-4CE0-BA31-62A3055126DE}.Debug|Any CPU.Build.0 = Debug|Any CPU
		{C8631C3B-04E6-4CE0-BA31-62A3055126DE}.Release|Any CPU.ActiveCfg = Release|Any CPU
		{C8631C3B-04E6-4CE0-BA31-62A3055126DE}.Release|Any CPU.Build.0 = Release|Any CPU
	EndGlobalSection
	GlobalSection(SolutionProperties) = preSolution
		HideSolutionNode = FALSE
	EndGlobalSection
	GlobalSection(ExtensibilityGlobals) = postSolution
		SolutionGuid = {ECA6ED42-74BE-4F33-AEE8-894E760C3E25}
	EndGlobalSection
EndGlobal
